
Microsoft Visual Studio Solution File, Format Version 12.00
# Visual Studio 14
VisualStudioVersion = 14.0.25123.0
MinimumVisualStudioVersion = 10.0.40219.1
Project("{3F86D9F3-6966-4AB6-8B09-E36913CDC800}") = "Sitecore.Support.154876", "Sitecore.Support.154876\Sitecore.Support.154876.csproj", "{276A5990-9ADC-4E6D-9FCB-F357141A903F}"
EndProject
Global
	GlobalSection(SolutionConfigurationPlatforms) = preSolution
		Debug|Any CPU = Debug|Any CPU
		Release|Any CPU = Release|Any CPU
	EndGlobalSection
	GlobalSection(ProjectConfigurationPlatforms) = postSolution
		{276A5990-9ADC-4E6D-9FCB-F357141A903F}.Debug|Any CPU.ActiveCfg = Debug|Any CPU
		{276A5990-9ADC-4E6D-9FCB-F357141A903F}.Debug|Any CPU.Build.0 = Debug|Any CPU
		{276A5990-9ADC-4E6D-9FCB-F357141A903F}.Release|Any CPU.ActiveCfg = Release|Any CPU
		{276A5990-9ADC-4E6D-9FCB-F357141A903F}.Release|Any CPU.Build.0 = Release|Any CPU
	EndGlobalSection
	GlobalSection(SolutionProperties) = preSolution
		HideSolutionNode = FALSE
	EndGlobalSection
EndGlobal
